
Microsoft Visual Studio Solution File, Format Version 12.00
# Visual Studio Version 17
VisualStudioVersion = 17.5.33516.290
MinimumVisualStudioVersion = 10.0.40219.1
Project("{FAE04EC0-301F-11D3-BF4B-00C04F79EFBC}") = "ATodoRueda", "ATodoRueda\ATodoRueda.csproj", "{5B9D9DCF-2430-4B77-9CC1-9686CDC8EF0B}"
EndProject
Project("{FAE04EC0-301F-11D3-BF4B-00C04F79EFBC}") = "Dominio", "Dominio\Dominio.csproj", "{9F5FE19F-CFAD-49E0-AF9D-1CFEB26EE4D6}"
EndProject
Project("{FAE04EC0-301F-11D3-BF4B-00C04F79EFBC}") = "Negocio", "Negocio\Negocio.csproj", "{7D71B234-E663-4D9B-BF92-529B3BE68213}"
EndProject
Global
	GlobalSection(SolutionConfigurationPlatforms) = preSolution
		Debug|Any CPU = Debug|Any CPU
		Release|Any CPU = Release|Any CPU
	EndGlobalSection
	GlobalSection(ProjectConfigurationPlatforms) = postSolution
		{5B9D9DCF-2430-4B77-9CC1-9686CDC8EF0B}.Debug|Any CPU.ActiveCfg = Debug|Any CPU
		{5B9D9DCF-2430-4B77-9CC1-9686CDC8EF0B}.Debug|Any CPU.Build.0 = Debug|Any CPU
		{5B9D9DCF-2430-4B77-9CC1-9686CDC8EF0B}.Release|Any CPU.ActiveCfg = Release|Any CPU
		{5B9D9DCF-2430-4B77-9CC1-9686CDC8EF0B}.Release|Any CPU.Build.0 = Release|Any CPU
		{9F5FE19F-CFAD-49E0-AF9D-1CFEB26EE4D6}.Debug|Any CPU.ActiveCfg = Debug|Any CPU
		{9F5FE19F-CFAD-49E0-AF9D-1CFEB26EE4D6}.Debug|Any CPU.Build.0 = Debug|Any CPU
		{9F5FE19F-CFAD-49E0-AF9D-1CFEB26EE4D6}.Release|Any CPU.ActiveCfg = Release|Any CPU
		{9F5FE19F-CFAD-49E0-AF9D-1CFEB26EE4D6}.Release|Any CPU.Build.0 = Release|Any CPU
		{7D71B234-E663-4D9B-BF92-529B3BE68213}.Debug|Any CPU.ActiveCfg = Debug|Any CPU
		{7D71B234-E663-4D9B-BF92-529B3BE68213}.Debug|Any CPU.Build.0 = Debug|Any CPU
		{7D71B234-E663-4D9B-BF92-529B3BE68213}.Release|Any CPU.ActiveCfg = Release|Any CPU
		{7D71B234-E663-4D9B-BF92-529B3BE68213}.Release|Any CPU.Build.0 = Release|Any CPU
	EndGlobalSection
	GlobalSection(SolutionProperties) = preSolution
		HideSolutionNode = FALSE
	EndGlobalSection
	GlobalSection(ExtensibilityGlobals) = postSolution
		SolutionGuid = {156066DB-38D9-4373-BB5D-4EAA557058AA}
	EndGlobalSection
EndGlobal
